
Microsoft Visual Studio Solution File, Format Version 12.00
# Visual Studio Version 16
VisualStudioVersion = 16.0.29215.179
MinimumVisualStudioVersion = 10.0.40219.1
Project("{FAE04EC0-301F-11D3-BF4B-00C04F79EFBC}") = "SohailOvningar", "SohailOvningarSvar\SohailOvningar.csproj", "{A5B79596-BBD9-4957-ABAB-91CABB2F3207}"
EndProject
Global
	GlobalSection(SolutionConfigurationPlatforms) = preSolution
		Debug|Any CPU = Debug|Any CPU
		Release|Any CPU = Release|Any CPU
	EndGlobalSection
	GlobalSection(ProjectConfigurationPlatforms) = postSolution
		{A5B79596-BBD9-4957-ABAB-91CABB2F3207}.Debug|Any CPU.ActiveCfg = Debug|Any CPU
		{A5B79596-BBD9-4957-ABAB-91CABB2F3207}.Debug|Any CPU.Build.0 = Debug|Any CPU
		{A5B79596-BBD9-4957-ABAB-91CABB2F3207}.Release|Any CPU.ActiveCfg = Release|Any CPU
		{A5B79596-BBD9-4957-ABAB-91CABB2F3207}.Release|Any CPU.Build.0 = Release|Any CPU
	EndGlobalSection
	GlobalSection(SolutionProperties) = preSolution
		HideSolutionNode = FALSE
	EndGlobalSection
	GlobalSection(ExtensibilityGlobals) = postSolution
		SolutionGuid = {1AF4ACEE-626B-4447-B09F-53B65B4E46AD}
	EndGlobalSection
EndGlobal
